
Microsoft Visual Studio Solution File, Format Version 12.00
# Visual Studio Version 17
VisualStudioVersion = 17.14.37301.10 d17.14
MinimumVisualStudioVersion = 10.0.40219.1
Project("{FAE04EC0-301F-11D3-BF4B-00C04F79EFBC}") = "SimpleDesktopFence", "SimpleDesktopFence.csproj", "{896F7C9D-E643-AD98-49C7-57B4943AD75A}"
EndProject
Global
	GlobalSection(SolutionConfigurationPlatforms) = preSolution
		Debug|Any CPU = Debug|Any CPU
		Release|Any CPU = Release|Any CPU
	EndGlobalSection
	GlobalSection(ProjectConfigurationPlatforms) = postSolution
		{896F7C9D-E643-AD98-49C7-57B4943AD75A}.Debug|Any CPU.ActiveCfg = Debug|Any CPU
		{896F7C9D-E643-AD98-49C7-57B4943AD75A}.Debug|Any CPU.Build.0 = Debug|Any CPU
		{896F7C9D-E643-AD98-49C7-57B4943AD75A}.Release|Any CPU.ActiveCfg = Release|Any CPU
		{896F7C9D-E643-AD98-49C7-57B4943AD75A}.Release|Any CPU.Build.0 = Release|Any CPU
	EndGlobalSection
	GlobalSection(SolutionProperties) = preSolution
		HideSolutionNode = FALSE
	EndGlobalSection
	GlobalSection(ExtensibilityGlobals) = postSolution
		SolutionGuid = {4D6D88DB-06A7-441B-8E2C-4BF41C67CC40}
	EndGlobalSection
EndGlobal
